{
  "name": "gptscope",
  "version": "0.1.0",
  "lockfileVersion": 3,
  "requires": true,
  "packages": {
    "": {
      "name": "gptscope",
      "version": "0.1.0",
      "license": "Apache-2.0",
      "bin": {
        "gptscope": "bin/gptscope.mjs"
      },
      "engines": {
        "node": ">=22"
      }
    }
  }
}
